
Microsoft Visual Studio Solution File, Format Version 12.00
# Visual Studio Version 16
VisualStudioVersion = 16.0.28803.156
MinimumVisualStudioVersion = 10.0.40219.1
Project("{FAE04EC0-301F-11D3-BF4B-00C04F79EFBC}") = "SC2_CombineData", "SC2_CombineData\SC2_CombineData.csproj", "{856BF096-DB14-4131-8551-3F43D4AE15A3}"
EndProject
Project("{FAE04EC0-301F-11D3-BF4B-00C04F79EFBC}") = "SC2_RegexFind", "SC2_RegexFind\SC2_RegexFind.csproj", "{716D9FD8-8E2E-461A-AFF8-F0B5079529EE}"
EndProject
Global
	GlobalSection(SolutionConfigurationPlatforms) = preSolution
		Debug|Any CPU = Debug|Any CPU
		Debug|x86 = Debug|x86
		Release|Any CPU = Release|Any CPU
		Release|x86 = Release|x86
	EndGlobalSection
	GlobalSection(ProjectConfigurationPlatforms) = postSolution
		{856BF096-DB14-4131-8551-3F43D4AE15A3}.Debug|Any CPU.ActiveCfg = Debug|Any CPU
		{856BF096-DB14-4131-8551-3F43D4AE15A3}.Debug|Any CPU.Build.0 = Debug|Any CPU
		{856BF096-DB14-4131-8551-3F43D4AE15A3}.Debug|x86.ActiveCfg = Debug|Any CPU
		{856BF096-DB14-4131-8551-3F43D4AE15A3}.Debug|x86.Build.0 = Debug|Any CPU
		{856BF096-DB14-4131-8551-3F43D4AE15A3}.Release|Any CPU.ActiveCfg = Release|Any CPU
		{856BF096-DB14-4131-8551-3F43D4AE15A3}.Release|Any CPU.Build.0 = Release|Any CPU
		{856BF096-DB14-4131-8551-3F43D4AE15A3}.Release|x86.ActiveCfg = Release|Any CPU
		{856BF096-DB14-4131-8551-3F43D4AE15A3}.Release|x86.Build.0 = Release|Any CPU
		{716D9FD8-8E2E-461A-AFF8-F0B5079529EE}.Debug|Any CPU.ActiveCfg = Debug|Any CPU
		{716D9FD8-8E2E-461A-AFF8-F0B5079529EE}.Debug|Any CPU.Build.0 = Debug|Any CPU
		{716D9FD8-8E2E-461A-AFF8-F0B5079529EE}.Debug|x86.ActiveCfg = Debug|Any CPU
		{716D9FD8-8E2E-461A-AFF8-F0B5079529EE}.Debug|x86.Build.0 = Debug|Any CPU
		{716D9FD8-8E2E-461A-AFF8-F0B5079529EE}.Release|Any CPU.ActiveCfg = Release|Any CPU
		{716D9FD8-8E2E-461A-AFF8-F0B5079529EE}.Release|Any CPU.Build.0 = Release|Any CPU
		{716D9FD8-8E2E-461A-AFF8-F0B5079529EE}.Release|x86.ActiveCfg = Release|Any CPU
		{716D9FD8-8E2E-461A-AFF8-F0B5079529EE}.Release|x86.Build.0 = Release|Any CPU
	EndGlobalSection
	GlobalSection(SolutionProperties) = preSolution
		HideSolutionNode = FALSE
	EndGlobalSection
	GlobalSection(ExtensibilityGlobals) = postSolution
		SolutionGuid = {022E0EBD-A103-4198-95E4-ACF82BA3D3EF}
	EndGlobalSection
EndGlobal
